<?xml version="1.0" encoding="utf-8"?>
<Project ToolsVersion="4.0" xmlns="http://schemas.microsoft.com/developer/msbuild/2003">
  <ItemGroup>
    <Filter Include="Source Files">
      <UniqueIdentifier>{4FC737F1-C7A5-4376-A066-2A32D752A2FF}</UniqueIdentifier>
      <Extensions>cpp;c;cc;cxx;def;odl;idl;hpj;bat;asm;asmx</Extensions>
    </Filter>
    <Filter Include="Header Files">
      <UniqueIdentifier>{93995380-89BD-4b04-88EB-625FBE52EBFB}</UniqueIdentifier>
      <Extensions>h;hh;hpp;hxx;hm;inl;inc;xsd</Extensions>
    </Filter>
    <Filter Include="Resource Files">
      <UniqueIdentifier>{D9D6E242-F8AF-46E4-B9FD-80ECBC20BA3E}</UniqueIdentifier>
      <Extensions>qrc;*</Extensions>
      <ParseFiles>false</ParseFiles>
    </Filter>
    <Filter Include="Form Files">
      <UniqueIdentifier>{99349809-55BA-4b9d-BF79-8FDBB0286EB3}</UniqueIdentifier>
      <Extensions>ui</Extensions>
    </Filter>
    <Filter Include="Resource Files">
      <UniqueIdentifier>{D9D6E242-F8AF-46E4-B9FD-80ECBC20BA3E}</UniqueIdentifier>
      <Extensions>qrc;*</Extensions>
      <ParseFiles>false</ParseFiles>
    </Filter>
    <Filter Include="Generated Files">
      <UniqueIdentifier>{71ED8ED8-ACB9-4CE9-BBE1-E00B30144E11}</UniqueIdentifier>
      <Extensions>moc;h;cpp</Extensions>
      <SourceControlFiles>False</SourceControlFiles>
    </Filter>
    <Filter Include="Generated Files\Debug">
      <UniqueIdentifier>{2433ff46-5b8e-45c4-935c-356b7f3aeee6}</UniqueIdentifier>
      <Extensions>cpp;moc</Extensions>
      <SourceControlFiles>False</SourceControlFiles>
    </Filter>
    <Filter Include="Generated Files\Release">
      <UniqueIdentifier>{6a292407-4df1-421b-9f6a-0b40b673476f}</UniqueIdentifier>
      <Extensions>cpp;moc</Extensions>
      <SourceControlFiles>False</SourceControlFiles>
    </Filter>
    <Filter Include="lua">
      <UniqueIdentifier>{83fbade3-d84a-4b47-b4f5-9ebfd5197297}</UniqueIdentifier>
    </Filter>
  </ItemGroup>
  <ItemGroup>
    <ClCompile Include="main.cpp">
      <Filter>Source Files</Filter>
    </ClCompile>
    <ClCompile Include="MainWindow.cpp">
      <Filter>Source Files</Filter>
    </ClCompile>
    <ClCompile Include="QtGeneratedFiles\Debug\moc_MainWindow.cpp">
      <Filter>Generated Files\Debug</Filter>
    </ClCompile>
    <ClCompile Include="QtGeneratedFiles\Release\moc_MainWindow.cpp">
      <Filter>Generated Files\Release</Filter>
    </ClCompile>
    <ClCompile Include="QtGeneratedFiles\qrc_MainWindow.cpp">
      <Filter>Generated Files</Filter>
    </ClCompile>
    <ClCompile Include="QtGeneratedFiles\Debug\moc_EpisodeWidget.cpp">
      <Filter>Generated Files\Debug</Filter>
    </ClCompile>
    <ClCompile Include="QtGeneratedFiles\Release\moc_EpisodeWidget.cpp">
      <Filter>Generated Files\Release</Filter>
    </ClCompile>
    <ClCompile Include="widgets\EpisodeWidget.cpp">
      <Filter>Source Files</Filter>
    </ClCompile>
    <ClCompile Include="QtGeneratedFiles\Debug\moc_WebsiteWidget.cpp">
      <Filter>Generated Files\Debug</Filter>
    </ClCompile>
    <ClCompile Include="QtGeneratedFiles\Release\moc_WebsiteWidget.cpp">
      <Filter>Generated Files\Release</Filter>
    </ClCompile>
    <ClCompile Include="widgets\WebsiteWidget.cpp">
      <Filter>Source Files</Filter>
    </ClCompile>
    <ClCompile Include="MyCurl\MyCurl.cpp">
      <Filter>Source Files</Filter>
    </ClCompile>
    <ClCompile Include="OMA.cpp">
      <Filter>Source Files</Filter>
    </ClCompile>
    <ClCompile Include="MyUtils.cpp">
      <Filter>Source Files</Filter>
    </ClCompile>
    <ClCompile Include="OMA-Settings.cpp">
      <Filter>Source Files</Filter>
    </ClCompile>
    <ClCompile Include="Website.cpp">
      <Filter>Source Files</Filter>
    </ClCompile>
    <ClCompile Include="widgets\SeenIcon.cpp">
      <Filter>Source Files</Filter>
    </ClCompile>
    <ClCompile Include="QtGeneratedFiles\Debug\moc_SeenIcon.cpp">
      <Filter>Generated Files\Debug</Filter>
    </ClCompile>
    <ClCompile Include="QtGeneratedFiles\Release\moc_SeenIcon.cpp">
      <Filter>Generated Files\Release</Filter>
    </ClCompile>
    <ClCompile Include="widgets\NewIcon.cpp">
      <Filter>Source Files</Filter>
    </ClCompile>
    <ClCompile Include="QtGeneratedFiles\Debug\moc_NewIcon.cpp">
      <Filter>Generated Files\Debug</Filter>
    </ClCompile>
    <ClCompile Include="QtGeneratedFiles\Release\moc_NewIcon.cpp">
      <Filter>Generated Files\Release</Filter>
    </ClCompile>
    <ClCompile Include="widgets\UrlButton.cpp">
      <Filter>Source Files</Filter>
    </ClCompile>
    <ClCompile Include="QtGeneratedFiles\Debug\moc_UrlButton.cpp">
      <Filter>Generated Files\Debug</Filter>
    </ClCompile>
    <ClCompile Include="QtGeneratedFiles\Release\moc_UrlButton.cpp">
      <Filter>Generated Files\Release</Filter>
    </ClCompile>
    <ClCompile Include="widgets\AnimeWidget.cpp">
      <Filter>Source Files</Filter>
    </ClCompile>
    <ClCompile Include="QtGeneratedFiles\Debug\moc_AnimeWidget.cpp">
      <Filter>Generated Files\Debug</Filter>
    </ClCompile>
    <ClCompile Include="QtGeneratedFiles\Release\moc_AnimeWidget.cpp">
      <Filter>Generated Files\Release</Filter>
    </ClCompile>
    <ClCompile Include="QtGeneratedFiles\Debug\moc_PrefWindow.cpp">
      <Filter>Generated Files\Debug</Filter>
    </ClCompile>
    <ClCompile Include="QtGeneratedFiles\Release\moc_PrefWindow.cpp">
      <Filter>Generated Files\Release</Filter>
    </ClCompile>
    <ClCompile Include="widgets\PrefWindow.cpp">
      <Filter>Source Files</Filter>
    </ClCompile>
    <ClCompile Include="QtGeneratedFiles\Debug\moc_FollowedWidget.cpp">
      <Filter>Generated Files\Debug</Filter>
    </ClCompile>
    <ClCompile Include="QtGeneratedFiles\Release\moc_FollowedWidget.cpp">
      <Filter>Generated Files\Release</Filter>
    </ClCompile>
    <ClCompile Include="widgets\FollowedWidget.cpp">
      <Filter>Source Files</Filter>
    </ClCompile>
    <ClCompile Include="QtGeneratedFiles\Debug\moc_ColorsWindow.cpp">
      <Filter>Generated Files\Debug</Filter>
    </ClCompile>
    <ClCompile Include="QtGeneratedFiles\Release\moc_ColorsWindow.cpp">
      <Filter>Generated Files\Release</Filter>
    </ClCompile>
    <ClCompile Include="widgets\ColorsWindow.cpp">
      <Filter>Source Files</Filter>
    </ClCompile>
    <ClCompile Include="QtGeneratedFiles\Debug\moc_NewVersionWindow.cpp">
      <Filter>Generated Files\Debug</Filter>
    </ClCompile>
    <ClCompile Include="QtGeneratedFiles\Release\moc_NewVersionWindow.cpp">
      <Filter>Generated Files\Release</Filter>
    </ClCompile>
    <ClCompile Include="widgets\NewVersionWindow.cpp">
      <Filter>Source Files</Filter>
    </ClCompile>
    <ClCompile Include="QtGeneratedFiles\Debug\moc_AboutWindow.cpp">
      <Filter>Generated Files\Debug</Filter>
    </ClCompile>
    <ClCompile Include="QtGeneratedFiles\Release\moc_AboutWindow.cpp">
      <Filter>Generated Files\Release</Filter>
    </ClCompile>
    <ClCompile Include="widgets\AboutWindow.cpp">
      <Filter>Source Files</Filter>
    </ClCompile>
    <ClCompile Include="QtGeneratedFiles\Debug\moc_FeedWidget.cpp">
      <Filter>Generated Files\Debug</Filter>
    </ClCompile>
    <ClCompile Include="QtGeneratedFiles\Release\moc_FeedWidget.cpp">
      <Filter>Generated Files\Release</Filter>
    </ClCompile>
    <ClCompile Include="widgets\FeedWidget.cpp">
      <Filter>Source Files</Filter>
    </ClCompile>
    <ClCompile Include="MyLua.cpp">
      <Filter>Source Files</Filter>
    </ClCompile>
    <ClCompile Include="..\include\lua\lapi.c">
      <Filter>lua</Filter>
    </ClCompile>
    <ClCompile Include="..\include\lua\lauxlib.c">
      <Filter>lua</Filter>
    </ClCompile>
    <ClCompile Include="..\include\lua\lbaselib.c">
      <Filter>lua</Filter>
    </ClCompile>
    <ClCompile Include="..\include\lua\lbitlib.c">
      <Filter>lua</Filter>
    </ClCompile>
    <ClCompile Include="..\include\lua\lcode.c">
      <Filter>lua</Filter>
    </ClCompile>
    <ClCompile Include="..\include\lua\lcorolib.c">
      <Filter>lua</Filter>
    </ClCompile>
    <ClCompile Include="..\include\lua\lctype.c">
      <Filter>lua</Filter>
    </ClCompile>
    <ClCompile Include="..\include\lua\ldblib.c">
      <Filter>lua</Filter>
    </ClCompile>
    <ClCompile Include="..\include\lua\ldebug.c">
      <Filter>lua</Filter>
    </ClCompile>
    <ClCompile Include="..\include\lua\ldo.c">
      <Filter>lua</Filter>
    </ClCompile>
    <ClCompile Include="..\include\lua\ldump.c">
      <Filter>lua</Filter>
    </ClCompile>
    <ClCompile Include="..\include\lua\lfunc.c">
      <Filter>lua</Filter>
    </ClCompile>
    <ClCompile Include="..\include\lua\lgc.c">
      <Filter>lua</Filter>
    </ClCompile>
    <ClCompile Include="..\include\lua\linit.c">
      <Filter>lua</Filter>
    </ClCompile>
    <ClCompile Include="..\include\lua\liolib.c">
      <Filter>lua</Filter>
    </ClCompile>
    <ClCompile Include="..\include\lua\llex.c">
      <Filter>lua</Filter>
    </ClCompile>
    <ClCompile Include="..\include\lua\lmathlib.c">
      <Filter>lua</Filter>
    </ClCompile>
    <ClCompile Include="..\include\lua\lmem.c">
      <Filter>lua</Filter>
    </ClCompile>
    <ClCompile Include="..\include\lua\loadlib.c">
      <Filter>lua</Filter>
    </ClCompile>
    <ClCompile Include="..\include\lua\lobject.c">
      <Filter>lua</Filter>
    </ClCompile>
    <ClCompile Include="..\include\lua\lopcodes.c">
      <Filter>lua</Filter>
    </ClCompile>
    <ClCompile Include="..\include\lua\loslib.c">
      <Filter>lua</Filter>
    </ClCompile>
    <ClCompile Include="..\include\lua\lparser.c">
      <Filter>lua</Filter>
    </ClCompile>
    <ClCompile Include="..\include\lua\lstate.c">
      <Filter>lua</Filter>
    </ClCompile>
    <ClCompile Include="..\include\lua\lstring.c">
      <Filter>lua</Filter>
    </ClCompile>
    <ClCompile Include="..\include\lua\lstrlib.c">
      <Filter>lua</Filter>
    </ClCompile>
    <ClCompile Include="..\include\lua\ltable.c">
      <Filter>lua</Filter>
    </ClCompile>
    <ClCompile Include="..\include\lua\ltablib.c">
      <Filter>lua</Filter>
    </ClCompile>
    <ClCompile Include="..\include\lua\ltm.c">
      <Filter>lua</Filter>
    </ClCompile>
    <ClCompile Include="..\include\lua\lundump.c">
      <Filter>lua</Filter>
    </ClCompile>
    <ClCompile Include="..\include\lua\lutf8lib.c">
      <Filter>lua</Filter>
    </ClCompile>
    <ClCompile Include="..\include\lua\lvm.c">
      <Filter>lua</Filter>
    </ClCompile>
    <ClCompile Include="..\include\lua\lzio.c">
      <Filter>lua</Filter>
    </ClCompile>
    <ClCompile Include="HtmlDoc.cpp">
      <Filter>Source Files</Filter>
    </ClCompile>
    <ClCompile Include="MyPhantomJS\MyPhantomJS.cpp">
      <Filter>Source Files</Filter>
    </ClCompile>
  </ItemGroup>
  <ItemGroup>
    <CustomBuild Include="MainWindow.h">
      <Filter>Header Files</Filter>
    </CustomBuild>
    <CustomBuild Include="MainWindow.ui">
      <Filter>Form Files</Filter>
    </CustomBuild>
    <CustomBuild Include="MainWindow.qrc">
      <Filter>Resource Files</Filter>
    </CustomBuild>
    <CustomBuild Include="widgets\EpisodeWidget.h">
      <Filter>Header Files</Filter>
    </CustomBuild>
    <CustomBuild Include="widgets\EpisodeWidget.ui">
      <Filter>Form Files</Filter>
    </CustomBuild>
    <CustomBuild Include="widgets\WebsiteWidget.h">
      <Filter>Header Files</Filter>
    </CustomBuild>
    <CustomBuild Include="widgets\WebsiteWidget.ui">
      <Filter>Form Files</Filter>
    </CustomBuild>
    <CustomBuild Include="widgets\SeenIcon.h">
      <Filter>Header Files</Filter>
    </CustomBuild>
    <CustomBuild Include="widgets\SeenIcon.ui">
      <Filter>Form Files</Filter>
    </CustomBuild>
    <CustomBuild Include="widgets\NewIcon.h">
      <Filter>Header Files</Filter>
    </CustomBuild>
    <CustomBuild Include="widgets\NewIcon.ui">
      <Filter>Form Files</Filter>
    </CustomBuild>
    <CustomBuild Include="widgets\UrlButton.h">
      <Filter>Header Files</Filter>
    </CustomBuild>
    <CustomBuild Include="widgets\UrlButton.ui">
      <Filter>Form Files</Filter>
    </CustomBuild>
    <CustomBuild Include="widgets\AnimeWidget.h">
      <Filter>Header Files</Filter>
    </CustomBuild>
    <CustomBuild Include="widgets\AnimeWidget.ui">
      <Filter>Form Files</Filter>
    </CustomBuild>
    <CustomBuild Include="widgets\PrefWindow.h">
      <Filter>Header Files</Filter>
    </CustomBuild>
    <CustomBuild Include="widgets\PrefWindow.ui">
      <Filter>Form Files</Filter>
    </CustomBuild>
    <CustomBuild Include="widgets\FollowedWidget.h">
      <Filter>Header Files</Filter>
    </CustomBuild>
    <CustomBuild Include="widgets\FollowedWidget.ui">
      <Filter>Form Files</Filter>
    </CustomBuild>
    <CustomBuild Include="widgets\ColorsWindow.h">
      <Filter>Header Files</Filter>
    </CustomBuild>
    <CustomBuild Include="widgets\ColorsWindow.ui">
      <Filter>Form Files</Filter>
    </CustomBuild>
    <CustomBuild Include="widgets\UpdateWindow.ui">
      <Filter>Form Files</Filter>
    </CustomBuild>
    <CustomBuild Include="widgets\NewVersionWindow.h">
      <Filter>Header Files</Filter>
    </CustomBuild>
    <CustomBuild Include="widgets\AboutWindow.h">
      <Filter>Header Files</Filter>
    </CustomBuild>
    <CustomBuild Include="widgets\AboutWindow.ui">
      <Filter>Form Files</Filter>
    </CustomBuild>
    <CustomBuild Include="widgets\FeedWidget.h">
      <Filter>Header Files</Filter>
    </CustomBuild>
    <CustomBuild Include="widgets\FeedWidget.ui">
      <Filter>Form Files</Filter>
    </CustomBuild>
  </ItemGroup>
  <ItemGroup>
    <ClInclude Include="QtGeneratedFiles\ui_MainWindow.h">
      <Filter>Generated Files</Filter>
    </ClInclude>
    <ClInclude Include="QtGeneratedFiles\ui_EpisodeWidget.h">
      <Filter>Generated Files</Filter>
    </ClInclude>
    <ClInclude Include="QtGeneratedFiles\ui_WebsiteWidget.h">
      <Filter>Generated Files</Filter>
    </ClInclude>
    <ClInclude Include="MyCurl\MyCurl.h">
      <Filter>Header Files</Filter>
    </ClInclude>
    <ClInclude Include="resource.h">
      <Filter>Header Files</Filter>
    </ClInclude>
    <ClInclude Include="Website.h">
      <Filter>Header Files</Filter>
    </ClInclude>
    <ClInclude Include="OMA.h">
      <Filter>Header Files</Filter>
    </ClInclude>
    <ClInclude Include="MyUtils.h">
      <Filter>Header Files</Filter>
    </ClInclude>
    <ClInclude Include="QtGeneratedFiles\ui_SeenIcon.h">
      <Filter>Generated Files</Filter>
    </ClInclude>
    <ClInclude Include="QtGeneratedFiles\ui_NewIcon.h">
      <Filter>Generated Files</Filter>
    </ClInclude>
    <ClInclude Include="QtGeneratedFiles\ui_UrlButton.h">
      <Filter>Generated Files</Filter>
    </ClInclude>
    <ClInclude Include="QtGeneratedFiles\ui_AnimeWidget.h">
      <Filter>Generated Files</Filter>
    </ClInclude>
    <ClInclude Include="QtGeneratedFiles\ui_PrefWindow.h">
      <Filter>Generated Files</Filter>
    </ClInclude>
    <ClInclude Include="QtGeneratedFiles\ui_FollowedWidget.h">
      <Filter>Generated Files</Filter>
    </ClInclude>
    <ClInclude Include="QtGeneratedFiles\ui_ColorsWindow.h">
      <Filter>Generated Files</Filter>
    </ClInclude>
    <ClInclude Include="QtGeneratedFiles\ui_UpdateWindow.h">
      <Filter>Generated Files</Filter>
    </ClInclude>
    <ClInclude Include="QtGeneratedFiles\ui_AboutWindow.h">
      <Filter>Generated Files</Filter>
    </ClInclude>
    <ClInclude Include="QtGeneratedFiles\ui_FeedWidget.h">
      <Filter>Generated Files</Filter>
    </ClInclude>
    <ClInclude Include="MyLua.h">
      <Filter>Header Files</Filter>
    </ClInclude>
    <ClInclude Include="..\include\lua\lapi.h">
      <Filter>lua</Filter>
    </ClInclude>
    <ClInclude Include="..\include\lua\lauxlib.h">
      <Filter>lua</Filter>
    </ClInclude>
    <ClInclude Include="..\include\lua\lcode.h">
      <Filter>lua</Filter>
    </ClInclude>
    <ClInclude Include="..\include\lua\lctype.h">
      <Filter>lua</Filter>
    </ClInclude>
    <ClInclude Include="..\include\lua\ldebug.h">
      <Filter>lua</Filter>
    </ClInclude>
    <ClInclude Include="..\include\lua\ldo.h">
      <Filter>lua</Filter>
    </ClInclude>
    <ClInclude Include="..\include\lua\lfunc.h">
      <Filter>lua</Filter>
    </ClInclude>
    <ClInclude Include="..\include\lua\lgc.h">
      <Filter>lua</Filter>
    </ClInclude>
    <ClInclude Include="..\include\lua\llex.h">
      <Filter>lua</Filter>
    </ClInclude>
    <ClInclude Include="..\include\lua\llimits.h">
      <Filter>lua</Filter>
    </ClInclude>
    <ClInclude Include="..\include\lua\lmem.h">
      <Filter>lua</Filter>
    </ClInclude>
    <ClInclude Include="..\include\lua\lobject.h">
      <Filter>lua</Filter>
    </ClInclude>
    <ClInclude Include="..\include\lua\lopcodes.h">
      <Filter>lua</Filter>
    </ClInclude>
    <ClInclude Include="..\include\lua\lparser.h">
      <Filter>lua</Filter>
    </ClInclude>
    <ClInclude Include="..\include\lua\lprefix.h">
      <Filter>lua</Filter>
    </ClInclude>
    <ClInclude Include="..\include\lua\lstate.h">
      <Filter>lua</Filter>
    </ClInclude>
    <ClInclude Include="..\include\lua\lstring.h">
      <Filter>lua</Filter>
    </ClInclude>
    <ClInclude Include="..\include\lua\ltable.h">
      <Filter>lua</Filter>
    </ClInclude>
    <ClInclude Include="..\include\lua\ltm.h">
      <Filter>lua</Filter>
    </ClInclude>
    <ClInclude Include="..\include\lua\lua.h">
      <Filter>lua</Filter>
    </ClInclude>
    <ClInclude Include="..\include\lua\lua.hpp">
      <Filter>lua</Filter>
    </ClInclude>
    <ClInclude Include="..\include\lua\luaconf.h">
      <Filter>lua</Filter>
    </ClInclude>
    <ClInclude Include="..\include\lua\lualib.h">
      <Filter>lua</Filter>
    </ClInclude>
    <ClInclude Include="..\include\lua\lundump.h">
      <Filter>lua</Filter>
    </ClInclude>
    <ClInclude Include="..\include\lua\lvm.h">
      <Filter>lua</Filter>
    </ClInclude>
    <ClInclude Include="..\include\lua\lzio.h">
      <Filter>lua</Filter>
    </ClInclude>
    <ClInclude Include="HtmlDoc.h">
      <Filter>Header Files</Filter>
    </ClInclude>
    <ClInclude Include="MyPhantomJS\MyPhantomJS.h">
      <Filter>Header Files</Filter>
    </ClInclude>
  </ItemGroup>
  <ItemGroup>
    <ResourceCompile Include="OtakuManager.rc" />
  </ItemGroup>
  <ItemGroup>
    <Image Include="resources\Anime info.png">
      <Filter>Resource Files</Filter>
    </Image>
    <Image Include="resources\Download.png">
      <Filter>Resource Files</Filter>
    </Image>
    <Image Include="resources\icon.ico">
      <Filter>Resource Files</Filter>
    </Image>
    <Image Include="resources\new.ico">
      <Filter>Resource Files</Filter>
    </Image>
    <Image Include="resources\Post.png">
      <Filter>Resource Files</Filter>
    </Image>
    <Image Include="resources\seen.ico">
      <Filter>Resource Files</Filter>
    </Image>
    <Image Include="resources\Streaming.png">
      <Filter>Resource Files</Filter>
    </Image>
    <Image Include="resources\Custom link.png">
      <Filter>Resource Files</Filter>
    </Image>
    <Image Include="resources\Magnet.png">
      <Filter>Resource Files</Filter>
    </Image>
    <Image Include="resources\Torrent.png">
      <Filter>Resource Files</Filter>
    </Image>
  </ItemGroup>
</Project>